
Microsoft Visual Studio Solution File, Format Version 12.00
# Visual Studio Version 17
VisualStudioVersion = 17.7.34031.279
MinimumVisualStudioVersion = 10.0.40219.1
Project("{9A19103F-16F7-4668-BE54-9A1E7A4F7556}") = "BlazorFullStackCrud.Server", "Server\BlazorFullStackCrud.Server.csproj", "{B8093781-9CE9-4919-BDB6-0CFAA77758F8}"
EndProject
Project("{9A19103F-16F7-4668-BE54-9A1E7A4F7556}") = "BlazorFullStackCrud.Client", "Client\BlazorFullStackCrud.Client.csproj", "{DA937544-A0A1-491F-9DC4-C903DA4BC092}"
EndProject
Project("{9A19103F-16F7-4668-BE54-9A1E7A4F7556}") = "BlazorFullStackCrud.Shared", "Shared\BlazorFullStackCrud.Shared.csproj", "{9B9A8DB8-84E3-4D3E-BDCB-65DF5ACF3410}"
EndProject
Global
	GlobalSection(SolutionConfigurationPlatforms) = preSolution
		Debug|Any CPU = Debug|Any CPU
		Release|Any CPU = Release|Any CPU
	EndGlobalSection
	GlobalSection(ProjectConfigurationPlatforms) = postSolution
		{B8093781-9CE9-4919-BDB6-0CFAA77758F8}.Debug|Any CPU.ActiveCfg = Debug|Any CPU
		{B8093781-9CE9-4919-BDB6-0CFAA77758F8}.Debug|Any CPU.Build.0 = Debug|Any CPU
		{B8093781-9CE9-4919-BDB6-0CFAA77758F8}.Release|Any CPU.ActiveCfg = Release|Any CPU
		{B8093781-9CE9-4919-BDB6-0CFAA77758F8}.Release|Any CPU.Build.0 = Release|Any CPU
		{DA937544-A0A1-491F-9DC4-C903DA4BC092}.Debug|Any CPU.ActiveCfg = Debug|Any CPU
		{DA937544-A0A1-491F-9DC4-C903DA4BC092}.Debug|Any CPU.Build.0 = Debug|Any CPU
		{DA937544-A0A1-491F-9DC4-C903DA4BC092}.Release|Any CPU.ActiveCfg = Release|Any CPU
		{DA937544-A0A1-491F-9DC4-C903DA4BC092}.Release|Any CPU.Build.0 = Release|Any CPU
		{9B9A8DB8-84E3-4D3E-BDCB-65DF5ACF3410}.Debug|Any CPU.ActiveCfg = Debug|Any CPU
		{9B9A8DB8-84E3-4D3E-BDCB-65DF5ACF3410}.Debug|Any CPU.Build.0 = Debug|Any CPU
		{9B9A8DB8-84E3-4D3E-BDCB-65DF5ACF3410}.Release|Any CPU.ActiveCfg = Release|Any CPU
		{9B9A8DB8-84E3-4D3E-BDCB-65DF5ACF3410}.Release|Any CPU.Build.0 = Release|Any CPU
	EndGlobalSection
	GlobalSection(SolutionProperties) = preSolution
		HideSolutionNode = FALSE
	EndGlobalSection
	GlobalSection(ExtensibilityGlobals) = postSolution
		SolutionGuid = {7524FB4E-5DBD-42EF-A8EA-2882572521FF}
	EndGlobalSection
EndGlobal
